
Microsoft Visual Studio Solution File, Format Version 12.00
# Visual Studio Version 16
VisualStudioVersion = 16.0.29509.3
MinimumVisualStudioVersion = 10.0.40219.1
Project("{9A19103F-16F7-4668-BE54-9A1E7A4F7556}") = "StaffApi", "StaffApi\StaffApi.csproj", "{682C4AD6-9744-4161-883D-C01D95EFB513}"
EndProject
Project("{FAE04EC0-301F-11D3-BF4B-00C04F79EFBC}") = "StaffApi.DAL", "StaffApi.DAL\StaffApi.DAL.csproj", "{D3795E83-F9A8-4D5B-8041-14B11F56D2CF}"
EndProject
Global
	GlobalSection(SolutionConfigurationPlatforms) = preSolution
		Debug|Any CPU = Debug|Any CPU
		Release|Any CPU = Release|Any CPU
	EndGlobalSection
	GlobalSection(ProjectConfigurationPlatforms) = postSolution
		{682C4AD6-9744-4161-883D-C01D95EFB513}.Debug|Any CPU.ActiveCfg = Debug|Any CPU
		{682C4AD6-9744-4161-883D-C01D95EFB513}.Debug|Any CPU.Build.0 = Debug|Any CPU
		{682C4AD6-9744-4161-883D-C01D95EFB513}.Release|Any CPU.ActiveCfg = Release|Any CPU
		{682C4AD6-9744-4161-883D-C01D95EFB513}.Release|Any CPU.Build.0 = Release|Any CPU
		{D3795E83-F9A8-4D5B-8041-14B11F56D2CF}.Debug|Any CPU.ActiveCfg = Debug|Any CPU
		{D3795E83-F9A8-4D5B-8041-14B11F56D2CF}.Debug|Any CPU.Build.0 = Debug|Any CPU
		{D3795E83-F9A8-4D5B-8041-14B11F56D2CF}.Release|Any CPU.ActiveCfg = Release|Any CPU
		{D3795E83-F9A8-4D5B-8041-14B11F56D2CF}.Release|Any CPU.Build.0 = Release|Any CPU
	EndGlobalSection
	GlobalSection(SolutionProperties) = preSolution
		HideSolutionNode = FALSE
	EndGlobalSection
	GlobalSection(ExtensibilityGlobals) = postSolution
		SolutionGuid = {79C16AD2-920E-4E9E-A6C1-0FCDEABFA4EA}
	EndGlobalSection
EndGlobal
